
Microsoft Visual Studio Solution File, Format Version 12.00
# Visual Studio Version 17
VisualStudioVersion = 17.8.34330.188
MinimumVisualStudioVersion = 10.0.40219.1
Project("{FAE04EC0-301F-11D3-BF4B-00C04F79EFBC}") = "PBIXLSADDIN", "PBIXLSADDIN.csproj", "{5E31E029-460E-49E2-98FE-9D3DE7F1EC75}"
EndProject
Global
	GlobalSection(SolutionConfigurationPlatforms) = preSolution
		Debug|Any CPU = Debug|Any CPU
		Release|Any CPU = Release|Any CPU
	EndGlobalSection
	GlobalSection(ProjectConfigurationPlatforms) = postSolution
		{5E31E029-460E-49E2-98FE-9D3DE7F1EC75}.Debug|Any CPU.ActiveCfg = Debug|Any CPU
		{5E31E029-460E-49E2-98FE-9D3DE7F1EC75}.Debug|Any CPU.Build.0 = Debug|Any CPU
		{5E31E029-460E-49E2-98FE-9D3DE7F1EC75}.Release|Any CPU.ActiveCfg = Release|Any CPU
		{5E31E029-460E-49E2-98FE-9D3DE7F1EC75}.Release|Any CPU.Build.0 = Release|Any CPU
	EndGlobalSection
	GlobalSection(SolutionProperties) = preSolution
		HideSolutionNode = FALSE
	EndGlobalSection
	GlobalSection(ExtensibilityGlobals) = postSolution
		SolutionGuid = {581F8D6B-5648-4596-BA95-1F68AB38558F}
	EndGlobalSection
EndGlobal
