
Microsoft Visual Studio Solution File, Format Version 12.00
# Visual Studio Version 17
VisualStudioVersion = 17.4.33213.308
MinimumVisualStudioVersion = 10.0.40219.1
Project("{FAE04EC0-301F-11D3-BF4B-00C04F79EFBC}") = "ExcelAddInPROTRACE", "ExcelAddInPROTRACE.csproj", "{735B5157-62E3-4EA7-A57A-B1ADB67E1DAD}"
EndProject
Global
	GlobalSection(SolutionConfigurationPlatforms) = preSolution
		Debug|Any CPU = Debug|Any CPU
		Release|Any CPU = Release|Any CPU
	EndGlobalSection
	GlobalSection(ProjectConfigurationPlatforms) = postSolution
		{735B5157-62E3-4EA7-A57A-B1ADB67E1DAD}.Debug|Any CPU.ActiveCfg = Debug|Any CPU
		{735B5157-62E3-4EA7-A57A-B1ADB67E1DAD}.Debug|Any CPU.Build.0 = Debug|Any CPU
		{735B5157-62E3-4EA7-A57A-B1ADB67E1DAD}.Release|Any CPU.ActiveCfg = Release|Any CPU
		{735B5157-62E3-4EA7-A57A-B1ADB67E1DAD}.Release|Any CPU.Build.0 = Release|Any CPU
	EndGlobalSection
	GlobalSection(SolutionProperties) = preSolution
		HideSolutionNode = FALSE
	EndGlobalSection
	GlobalSection(ExtensibilityGlobals) = postSolution
		SolutionGuid = {0F62BDA3-A062-4E00-A39E-9AE86CB05C45}
	EndGlobalSection
EndGlobal
