
Microsoft Visual Studio Solution File, Format Version 12.00
# Visual Studio Version 17
VisualStudioVersion = 17.6.33801.468
MinimumVisualStudioVersion = 10.0.40219.1
Project("{FAE04EC0-301F-11D3-BF4B-00C04F79EFBC}") = "plutoAI", "plutoAI.csproj", "{4FFF2D95-FB32-489B-B7AA-751FB0400F49}"
EndProject
Global
	GlobalSection(SolutionConfigurationPlatforms) = preSolution
		Debug|Any CPU = Debug|Any CPU
		Release|Any CPU = Release|Any CPU
	EndGlobalSection
	GlobalSection(ProjectConfigurationPlatforms) = postSolution
		{4FFF2D95-FB32-489B-B7AA-751FB0400F49}.Debug|Any CPU.ActiveCfg = Debug|Any CPU
		{4FFF2D95-FB32-489B-B7AA-751FB0400F49}.Debug|Any CPU.Build.0 = Debug|Any CPU
		{4FFF2D95-FB32-489B-B7AA-751FB0400F49}.Release|Any CPU.ActiveCfg = Release|Any CPU
		{4FFF2D95-FB32-489B-B7AA-751FB0400F49}.Release|Any CPU.Build.0 = Release|Any CPU
	EndGlobalSection
	GlobalSection(SolutionProperties) = preSolution
		HideSolutionNode = FALSE
	EndGlobalSection
	GlobalSection(ExtensibilityGlobals) = postSolution
		SolutionGuid = {4A9AA8A2-B017-45B7-A3F8-BB6A64FC3B60}
	EndGlobalSection
EndGlobal
